
Microsoft Visual Studio Solution File, Format Version 12.00
# Visual Studio 15
VisualStudioVersion = 15.0.28307.271
MinimumVisualStudioVersion = 10.0.40219.1
Project("{FAE04EC0-301F-11D3-BF4B-00C04F79EFBC}") = "FizzBuzz", "FizzBuzz\FizzBuzz.csproj", "{1C0AE799-51BF-4DE9-B967-1B7763224581}"
EndProject
Global
	GlobalSection(SolutionConfigurationPlatforms) = preSolution
		Debug|Any CPU = Debug|Any CPU
		Release|Any CPU = Release|Any CPU
	EndGlobalSection
	GlobalSection(ProjectConfigurationPlatforms) = postSolution
		{1C0AE799-51BF-4DE9-B967-1B7763224581}.Debug|Any CPU.ActiveCfg = Debug|Any CPU
		{1C0AE799-51BF-4DE9-B967-1B7763224581}.Debug|Any CPU.Build.0 = Debug|Any CPU
		{1C0AE799-51BF-4DE9-B967-1B7763224581}.Release|Any CPU.ActiveCfg = Release|Any CPU
		{1C0AE799-51BF-4DE9-B967-1B7763224581}.Release|Any CPU.Build.0 = Release|Any CPU
	EndGlobalSection
	GlobalSection(SolutionProperties) = preSolution
		HideSolutionNode = FALSE
	EndGlobalSection
	GlobalSection(ExtensibilityGlobals) = postSolution
		SolutionGuid = {4225BA09-9517-43DD-A18E-B84BAFF83028}
	EndGlobalSection
EndGlobal
